{
  "name": "spacetime-import-issue",
  "version": "1.0.0",
  "lockfileVersion": 2,
  "requires": true,
  "packages": {
    "": {
      "name": "spacetime-import-issue",
      "version": "1.0.0",
      "dependencies": {
        "@tsconfig/node20": "^20.1.2",
        "spacetime": "^7.5.0",
        "typescript": "^5.3.3"
      }
    },
    "node_modules/@tsconfig/node20": {
      "version": "20.1.2",
      "resolved": "https://registry.npmjs.org/@tsconfig/node20/-/node20-20.1.2.tgz",
      "integrity": "sha512-madaWq2k+LYMEhmcp0fs+OGaLFk0OenpHa4gmI4VEmCKX4PJntQ6fnnGADVFrVkBj0wIdAlQnK/MrlYTHsa1gQ=="
    },
    "node_modules/spacetime": {
      "version": "7.5.0",
      "resolved": "https://registry.npmjs.org/spacetime/-/spacetime-7.5.0.tgz",
      "integrity": "sha512-FJ8EqkHf3W69s1/fDZVKQwVSrP7fd8oPdEIkgrXw2Mdcq9NeimrflEQFkCLQI84NVHHPTdwMq8L2sD39tIBJPg=="
    },
    "node_modules/typescript": {
      "version": "5.3.3",
      "resolved": "https://registry.npmjs.org/typescript/-/typescript-5.3.3.tgz",
      "integrity": "sha512-pXWcraxM0uxAS+tN0AG/BF2TyqmHO014Z070UsJ+pFvYuRSq8KH8DmWpnbXe0pEPDHXZV3FcAbJkijJ5oNEnWw==",
      "bin": {
        "tsc": "bin/tsc",
        "tsserver": "bin/tsserver"
      },
      "engines": {
        "node": ">=14.17"
      }
    }
  },
  "dependencies": {
    "@tsconfig/node20": {
      "version": "20.1.2",
      "resolved": "https://registry.npmjs.org/@tsconfig/node20/-/node20-20.1.2.tgz",
      "integrity": "sha512-madaWq2k+LYMEhmcp0fs+OGaLFk0OenpHa4gmI4VEmCKX4PJntQ6fnnGADVFrVkBj0wIdAlQnK/MrlYTHsa1gQ=="
    },
    "spacetime": {
      "version": "7.5.0",
      "resolved": "https://registry.npmjs.org/spacetime/-/spacetime-7.5.0.tgz",
      "integrity": "sha512-FJ8EqkHf3W69s1/fDZVKQwVSrP7fd8oPdEIkgrXw2Mdcq9NeimrflEQFkCLQI84NVHHPTdwMq8L2sD39tIBJPg=="
    },
    "typescript": {
      "version": "5.3.3",
      "resolved": "https://registry.npmjs.org/typescript/-/typescript-5.3.3.tgz",
      "integrity": "sha512-pXWcraxM0uxAS+tN0AG/BF2TyqmHO014Z070UsJ+pFvYuRSq8KH8DmWpnbXe0pEPDHXZV3FcAbJkijJ5oNEnWw=="
    }
  }
}
